
Microsoft Visual Studio Solution File, Format Version 12.00
# Visual Studio 15
VisualStudioVersion = 15.0.27004.2006
MinimumVisualStudioVersion = 10.0.40219.1
Project("{FAE04EC0-301F-11D3-BF4B-00C04F79EFBC}") = "CoreSchematic", "CoreSchematic\CoreSchematic.csproj", "{90D938C3-25DE-441C-89A7-C7FAF5F83DDC}"
EndProject
Project("{2150E333-8FDC-42A3-9474-1A3956D46DE8}") = "Solution Items", "Solution Items", "{11A798D0-031C-46C9-96C0-F9A22103247F}"
	ProjectSection(SolutionItems) = preProject
		Examples\Astable Multivibrator.scm = Examples\Astable Multivibrator.scm
	EndProjectSection
EndProject
Global
	GlobalSection(SolutionConfigurationPlatforms) = preSolution
		Debug|Any CPU = Debug|Any CPU
		Release|Any CPU = Release|Any CPU
	EndGlobalSection
	GlobalSection(ProjectConfigurationPlatforms) = postSolution
		{90D938C3-25DE-441C-89A7-C7FAF5F83DDC}.Debug|Any CPU.ActiveCfg = Debug|Any CPU
		{90D938C3-25DE-441C-89A7-C7FAF5F83DDC}.Debug|Any CPU.Build.0 = Debug|Any CPU
		{90D938C3-25DE-441C-89A7-C7FAF5F83DDC}.Release|Any CPU.ActiveCfg = Release|Any CPU
		{90D938C3-25DE-441C-89A7-C7FAF5F83DDC}.Release|Any CPU.Build.0 = Release|Any CPU
	EndGlobalSection
	GlobalSection(SolutionProperties) = preSolution
		HideSolutionNode = FALSE
	EndGlobalSection
	GlobalSection(ExtensibilityGlobals) = postSolution
		SolutionGuid = {FDCB77CC-7F22-432D-95B2-E3956ACB71BB}
	EndGlobalSection
EndGlobal
